
Microsoft Visual Studio Solution File, Format Version 12.00
# Visual Studio 15
VisualStudioVersion = 15.0.26730.15
MinimumVisualStudioVersion = 10.0.40219.1
Project("{FAE04EC0-301F-11D3-BF4B-00C04F79EFBC}") = "4-CodigoMorse", "4-CodigoMorse\4-CodigoMorse.csproj", "{1F3E9E02-14A7-4046-B0A6-07F39920D104}"
EndProject
Global
	GlobalSection(SolutionConfigurationPlatforms) = preSolution
		Debug|Any CPU = Debug|Any CPU
		Release|Any CPU = Release|Any CPU
	EndGlobalSection
	GlobalSection(ProjectConfigurationPlatforms) = postSolution
		{1F3E9E02-14A7-4046-B0A6-07F39920D104}.Debug|Any CPU.ActiveCfg = Debug|Any CPU
		{1F3E9E02-14A7-4046-B0A6-07F39920D104}.Debug|Any CPU.Build.0 = Debug|Any CPU
		{1F3E9E02-14A7-4046-B0A6-07F39920D104}.Release|Any CPU.ActiveCfg = Release|Any CPU
		{1F3E9E02-14A7-4046-B0A6-07F39920D104}.Release|Any CPU.Build.0 = Release|Any CPU
	EndGlobalSection
	GlobalSection(SolutionProperties) = preSolution
		HideSolutionNode = FALSE
	EndGlobalSection
	GlobalSection(ExtensibilityGlobals) = postSolution
		SolutionGuid = {0A172D1D-1892-43C2-B8F7-17325A9F623C}
	EndGlobalSection
EndGlobal
