
Microsoft Visual Studio Solution File, Format Version 11.00
# Visual C# Express 2010
Project("{FAE04EC0-301F-11D3-BF4B-00C04F79EFBC}") = "ContagemDeVogais", "ContagemDeVogais\ContagemDeVogais.csproj", "{C80356B9-7FE0-42EF-8BD5-01F5CE0A8C3B}"
EndProject
Global
	GlobalSection(SolutionConfigurationPlatforms) = preSolution
		Debug|x86 = Debug|x86
		Release|x86 = Release|x86
	EndGlobalSection
	GlobalSection(ProjectConfigurationPlatforms) = postSolution
		{C80356B9-7FE0-42EF-8BD5-01F5CE0A8C3B}.Debug|x86.ActiveCfg = Debug|x86
		{C80356B9-7FE0-42EF-8BD5-01F5CE0A8C3B}.Debug|x86.Build.0 = Debug|x86
		{C80356B9-7FE0-42EF-8BD5-01F5CE0A8C3B}.Release|x86.ActiveCfg = Release|x86
		{C80356B9-7FE0-42EF-8BD5-01F5CE0A8C3B}.Release|x86.Build.0 = Release|x86
	EndGlobalSection
	GlobalSection(SolutionProperties) = preSolution
		HideSolutionNode = FALSE
	EndGlobalSection
EndGlobal
